
Microsoft Visual Studio Solution File, Format Version 12.00
# Visual Studio Version 17
VisualStudioVersion = 17.10.35122.118
MinimumVisualStudioVersion = 10.0.40219.1
Project("{9A19103F-16F7-4668-BE54-9A1E7A4F7556}") = "StudyCenterDataAccess", "StudyCenterDataAccess\StudyCenterDataAccess.csproj", "{100AD40E-3797-4CC6-8F69-D5094F27E6D2}"
EndProject
Project("{9A19103F-16F7-4668-BE54-9A1E7A4F7556}") = "StudyCenterBusiness", "StudyCenterBusiness\StudyCenterBusiness.csproj", "{2FF801FD-454A-420E-80B1-CBAA895CA7E8}"
EndProject
Project("{9A19103F-16F7-4668-BE54-9A1E7A4F7556}") = "StudyCenterRESTfulAPI", "StudyCenterRESTfulAPI\StudyCenterRESTfulAPI.csproj", "{11D2CCD8-57E7-4927-9394-75B271D99CC5}"
EndProject
Global
	GlobalSection(SolutionConfigurationPlatforms) = preSolution
		Debug|Any CPU = Debug|Any CPU
		Release|Any CPU = Release|Any CPU
	EndGlobalSection
	GlobalSection(ProjectConfigurationPlatforms) = postSolution
		{100AD40E-3797-4CC6-8F69-D5094F27E6D2}.Debug|Any CPU.ActiveCfg = Debug|Any CPU
		{100AD40E-3797-4CC6-8F69-D5094F27E6D2}.Debug|Any CPU.Build.0 = Debug|Any CPU
		{100AD40E-3797-4CC6-8F69-D5094F27E6D2}.Release|Any CPU.ActiveCfg = Release|Any CPU
		{100AD40E-3797-4CC6-8F69-D5094F27E6D2}.Release|Any CPU.Build.0 = Release|Any CPU
		{2FF801FD-454A-420E-80B1-CBAA895CA7E8}.Debug|Any CPU.ActiveCfg = Debug|Any CPU
		{2FF801FD-454A-420E-80B1-CBAA895CA7E8}.Debug|Any CPU.Build.0 = Debug|Any CPU
		{2FF801FD-454A-420E-80B1-CBAA895CA7E8}.Release|Any CPU.ActiveCfg = Release|Any CPU
		{2FF801FD-454A-420E-80B1-CBAA895CA7E8}.Release|Any CPU.Build.0 = Release|Any CPU
		{11D2CCD8-57E7-4927-9394-75B271D99CC5}.Debug|Any CPU.ActiveCfg = Debug|Any CPU
		{11D2CCD8-57E7-4927-9394-75B271D99CC5}.Debug|Any CPU.Build.0 = Debug|Any CPU
		{11D2CCD8-57E7-4927-9394-75B271D99CC5}.Release|Any CPU.ActiveCfg = Release|Any CPU
		{11D2CCD8-57E7-4927-9394-75B271D99CC5}.Release|Any CPU.Build.0 = Release|Any CPU
	EndGlobalSection
	GlobalSection(SolutionProperties) = preSolution
		HideSolutionNode = FALSE
	EndGlobalSection
	GlobalSection(ExtensibilityGlobals) = postSolution
		SolutionGuid = {2FC5C607-A927-48A5-B9D6-BA5852931E47}
	EndGlobalSection
EndGlobal
